
Microsoft Visual Studio Solution File, Format Version 12.00
# Visual Studio Version 17
VisualStudioVersion = 17.7.34018.315
MinimumVisualStudioVersion = 10.0.40219.1
Project("{2150E333-8FDC-42A3-9474-1A3956D46DE8}") = "IFSPLibrary.DDD", "IFSPLibrary.DDD", "{796AF2F0-F192-4D70-8D82-4264BAFE2C76}"
EndProject
Project("{9A19103F-16F7-4668-BE54-9A1E7A4F7556}") = "IFSPLibrary.domain", "IFSPLibrary.Domain\IFSPLibrary.domain.csproj", "{CEAC092E-5110-4337-AC3F-14E7520F3FA2}"
EndProject
Project("{9A19103F-16F7-4668-BE54-9A1E7A4F7556}") = "IFSPLibrary.Repository", "IFSPLibrary.Repository\IFSPLibrary.Repository.csproj", "{D388A5D2-F9B1-41DE-BCDB-D7203CE7DD38}"
	ProjectSection(ProjectDependencies) = postProject
		{CEAC092E-5110-4337-AC3F-14E7520F3FA2} = {CEAC092E-5110-4337-AC3F-14E7520F3FA2}
	EndProjectSection
EndProject
Project("{9A19103F-16F7-4668-BE54-9A1E7A4F7556}") = "IFSPLibrary.Service", "IFSPLibrary.Service\IFSPLibrary.Service.csproj", "{B2EBEACF-E08A-45C1-B5BA-009295AAB6F4}"
	ProjectSection(ProjectDependencies) = postProject
		{CEAC092E-5110-4337-AC3F-14E7520F3FA2} = {CEAC092E-5110-4337-AC3F-14E7520F3FA2}
	EndProjectSection
EndProject
Project("{2150E333-8FDC-42A3-9474-1A3956D46DE8}") = "IFSPLibrary.Testes", "IFSPLibrary.Testes", "{49C8421D-428A-4F56-B826-E8BF62E2EDA4}"
EndProject
Project("{9A19103F-16F7-4668-BE54-9A1E7A4F7556}") = "IFSPLibrary.Teste", "IFSPLibrary.Teste\IFSPLibrary.Teste.csproj", "{138E14D6-791B-4F69-918C-6B15D885AA50}"
	ProjectSection(ProjectDependencies) = postProject
		{B2EBEACF-E08A-45C1-B5BA-009295AAB6F4} = {B2EBEACF-E08A-45C1-B5BA-009295AAB6F4}
		{CEAC092E-5110-4337-AC3F-14E7520F3FA2} = {CEAC092E-5110-4337-AC3F-14E7520F3FA2}
		{D388A5D2-F9B1-41DE-BCDB-D7203CE7DD38} = {D388A5D2-F9B1-41DE-BCDB-D7203CE7DD38}
	EndProjectSection
EndProject
Project("{2150E333-8FDC-42A3-9474-1A3956D46DE8}") = "IFSPLibrary.App", "IFSPLibrary.App", "{0695B16E-392F-46CC-8E55-E3C8D677D2D5}"
EndProject
Project("{FAE04EC0-301F-11D3-BF4B-00C04F79EFBC}") = "IFSPLibrary.App", "IFSPLibrary.App\IFSPLibrary.App.csproj", "{DDF63A74-F3D7-498F-9BE4-C6CB6E538A0C}"
	ProjectSection(ProjectDependencies) = postProject
		{B2EBEACF-E08A-45C1-B5BA-009295AAB6F4} = {B2EBEACF-E08A-45C1-B5BA-009295AAB6F4}
		{CEAC092E-5110-4337-AC3F-14E7520F3FA2} = {CEAC092E-5110-4337-AC3F-14E7520F3FA2}
		{D388A5D2-F9B1-41DE-BCDB-D7203CE7DD38} = {D388A5D2-F9B1-41DE-BCDB-D7203CE7DD38}
	EndProjectSection
EndProject
Global
	GlobalSection(SolutionConfigurationPlatforms) = preSolution
		Debug|Any CPU = Debug|Any CPU
		Release|Any CPU = Release|Any CPU
	EndGlobalSection
	GlobalSection(ProjectConfigurationPlatforms) = postSolution
		{CEAC092E-5110-4337-AC3F-14E7520F3FA2}.Debug|Any CPU.ActiveCfg = Debug|Any CPU
		{CEAC092E-5110-4337-AC3F-14E7520F3FA2}.Debug|Any CPU.Build.0 = Debug|Any CPU
		{CEAC092E-5110-4337-AC3F-14E7520F3FA2}.Release|Any CPU.ActiveCfg = Release|Any CPU
		{CEAC092E-5110-4337-AC3F-14E7520F3FA2}.Release|Any CPU.Build.0 = Release|Any CPU
		{D388A5D2-F9B1-41DE-BCDB-D7203CE7DD38}.Debug|Any CPU.ActiveCfg = Debug|Any CPU
		{D388A5D2-F9B1-41DE-BCDB-D7203CE7DD38}.Debug|Any CPU.Build.0 = Debug|Any CPU
		{D388A5D2-F9B1-41DE-BCDB-D7203CE7DD38}.Release|Any CPU.ActiveCfg = Release|Any CPU
		{D388A5D2-F9B1-41DE-BCDB-D7203CE7DD38}.Release|Any CPU.Build.0 = Release|Any CPU
		{B2EBEACF-E08A-45C1-B5BA-009295AAB6F4}.Debug|Any CPU.ActiveCfg = Debug|Any CPU
		{B2EBEACF-E08A-45C1-B5BA-009295AAB6F4}.Debug|Any CPU.Build.0 = Debug|Any CPU
		{B2EBEACF-E08A-45C1-B5BA-009295AAB6F4}.Release|Any CPU.ActiveCfg = Release|Any CPU
		{B2EBEACF-E08A-45C1-B5BA-009295AAB6F4}.Release|Any CPU.Build.0 = Release|Any CPU
		{138E14D6-791B-4F69-918C-6B15D885AA50}.Debug|Any CPU.ActiveCfg = Debug|Any CPU
		{138E14D6-791B-4F69-918C-6B15D885AA50}.Debug|Any CPU.Build.0 = Debug|Any CPU
		{138E14D6-791B-4F69-918C-6B15D885AA50}.Release|Any CPU.ActiveCfg = Release|Any CPU
		{138E14D6-791B-4F69-918C-6B15D885AA50}.Release|Any CPU.Build.0 = Release|Any CPU
		{DDF63A74-F3D7-498F-9BE4-C6CB6E538A0C}.Debug|Any CPU.ActiveCfg = Debug|Any CPU
		{DDF63A74-F3D7-498F-9BE4-C6CB6E538A0C}.Debug|Any CPU.Build.0 = Debug|Any CPU
		{DDF63A74-F3D7-498F-9BE4-C6CB6E538A0C}.Release|Any CPU.ActiveCfg = Release|Any CPU
		{DDF63A74-F3D7-498F-9BE4-C6CB6E538A0C}.Release|Any CPU.Build.0 = Release|Any CPU
	EndGlobalSection
	GlobalSection(SolutionProperties) = preSolution
		HideSolutionNode = FALSE
	EndGlobalSection
	GlobalSection(NestedProjects) = preSolution
		{CEAC092E-5110-4337-AC3F-14E7520F3FA2} = {796AF2F0-F192-4D70-8D82-4264BAFE2C76}
		{D388A5D2-F9B1-41DE-BCDB-D7203CE7DD38} = {796AF2F0-F192-4D70-8D82-4264BAFE2C76}
		{B2EBEACF-E08A-45C1-B5BA-009295AAB6F4} = {796AF2F0-F192-4D70-8D82-4264BAFE2C76}
		{138E14D6-791B-4F69-918C-6B15D885AA50} = {49C8421D-428A-4F56-B826-E8BF62E2EDA4}
		{DDF63A74-F3D7-498F-9BE4-C6CB6E538A0C} = {0695B16E-392F-46CC-8E55-E3C8D677D2D5}
	EndGlobalSection
	GlobalSection(ExtensibilityGlobals) = postSolution
		SolutionGuid = {C2F37DC7-C6FD-414B-8DF6-659A5392FC66}
	EndGlobalSection
EndGlobal
